
Microsoft Visual Studio Solution File, Format Version 12.00
# Visual Studio Version 16
VisualStudioVersion = 16.0.30907.101
MinimumVisualStudioVersion = 10.0.40219.1
Project("{8BC9CEB8-8B4A-11D0-8D11-00A0C91BC942}") = "SDL_Template", "SDL_Template\SDL_Template.vcxproj", "{524E7896-1F88-4CBA-91FF-336317023089}"
EndProject
Global
	GlobalSection(SolutionConfigurationPlatforms) = preSolution
		Debug|x64 = Debug|x64
		Debug|x86 = Debug|x86
		Release|x64 = Release|x64
		Release|x86 = Release|x86
	EndGlobalSection
	GlobalSection(ProjectConfigurationPlatforms) = postSolution
		{524E7896-1F88-4CBA-91FF-336317023089}.Debug|x64.ActiveCfg = Debug|x64
		{524E7896-1F88-4CBA-91FF-336317023089}.Debug|x64.Build.0 = Debug|x64
		{524E7896-1F88-4CBA-91FF-336317023089}.Debug|x86.ActiveCfg = Debug|Win32
		{524E7896-1F88-4CBA-91FF-336317023089}.Debug|x86.Build.0 = Debug|Win32
		{524E7896-1F88-4CBA-91FF-336317023089}.Release|x64.ActiveCfg = Release|x64
		{524E7896-1F88-4CBA-91FF-336317023089}.Release|x64.Build.0 = Release|x64
		{524E7896-1F88-4CBA-91FF-336317023089}.Release|x86.ActiveCfg = Release|Win32
		{524E7896-1F88-4CBA-91FF-336317023089}.Release|x86.Build.0 = Release|Win32
	EndGlobalSection
	GlobalSection(SolutionProperties) = preSolution
		HideSolutionNode = FALSE
	EndGlobalSection
	GlobalSection(ExtensibilityGlobals) = postSolution
		SolutionGuid = {09A7788C-F8EB-45D6-8982-749A29ED8C0C}
	EndGlobalSection
EndGlobal
